
Microsoft Visual Studio Solution File, Format Version 12.00
# Visual Studio Version 16
VisualStudioVersion = 16.0.34931.43
MinimumVisualStudioVersion = 10.0.40219.1
Project("{FAE04EC0-301F-11D3-BF4B-00C04F79EFBC}") = "6-task", "6-task.csproj", "{27B49F12-F877-49DE-8DEA-51C558A960DC}"
EndProject
Global
	GlobalSection(SolutionConfigurationPlatforms) = preSolution
		Debug|Any CPU = Debug|Any CPU
		Release|Any CPU = Release|Any CPU
	EndGlobalSection
	GlobalSection(ProjectConfigurationPlatforms) = postSolution
		{27B49F12-F877-49DE-8DEA-51C558A960DC}.Debug|Any CPU.ActiveCfg = Debug|Any CPU
		{27B49F12-F877-49DE-8DEA-51C558A960DC}.Debug|Any CPU.Build.0 = Debug|Any CPU
		{27B49F12-F877-49DE-8DEA-51C558A960DC}.Release|Any CPU.ActiveCfg = Release|Any CPU
		{27B49F12-F877-49DE-8DEA-51C558A960DC}.Release|Any CPU.Build.0 = Release|Any CPU
	EndGlobalSection
	GlobalSection(SolutionProperties) = preSolution
		HideSolutionNode = FALSE
	EndGlobalSection
	GlobalSection(ExtensibilityGlobals) = postSolution
		SolutionGuid = {FF1AF1F6-79A2-4716-8BB3-0BE73C05CA6B}
	EndGlobalSection
EndGlobal
