
Microsoft Visual Studio Solution File, Format Version 12.00
# Visual Studio Version 16
VisualStudioVersion = 16.0.34931.43
MinimumVisualStudioVersion = 10.0.40219.1
Project("{FAE04EC0-301F-11D3-BF4B-00C04F79EFBC}") = "7-task", "7-task.csproj", "{5FA743DA-C568-4B73-8599-0D8C55681423}"
EndProject
Global
	GlobalSection(SolutionConfigurationPlatforms) = preSolution
		Debug|Any CPU = Debug|Any CPU
		Release|Any CPU = Release|Any CPU
	EndGlobalSection
	GlobalSection(ProjectConfigurationPlatforms) = postSolution
		{5FA743DA-C568-4B73-8599-0D8C55681423}.Debug|Any CPU.ActiveCfg = Debug|Any CPU
		{5FA743DA-C568-4B73-8599-0D8C55681423}.Debug|Any CPU.Build.0 = Debug|Any CPU
		{5FA743DA-C568-4B73-8599-0D8C55681423}.Release|Any CPU.ActiveCfg = Release|Any CPU
		{5FA743DA-C568-4B73-8599-0D8C55681423}.Release|Any CPU.Build.0 = Release|Any CPU
	EndGlobalSection
	GlobalSection(SolutionProperties) = preSolution
		HideSolutionNode = FALSE
	EndGlobalSection
	GlobalSection(ExtensibilityGlobals) = postSolution
		SolutionGuid = {4A47E98E-8F6F-4E38-B7B2-0E7526D51C74}
	EndGlobalSection
EndGlobal
